
Microsoft Visual Studio Solution File, Format Version 12.00
# Visual Studio Version 17
VisualStudioVersion = 17.10.35013.160
MinimumVisualStudioVersion = 10.0.40219.1
Project("{FAE04EC0-301F-11D3-BF4B-00C04F79EFBC}") = "Homework 1", "Homework 1\Homework 1.csproj", "{B26733ED-6063-4A49-9E7A-290225E96911}"
EndProject
Global
	GlobalSection(SolutionConfigurationPlatforms) = preSolution
		Debug|Any CPU = Debug|Any CPU
		Release|Any CPU = Release|Any CPU
	EndGlobalSection
	GlobalSection(ProjectConfigurationPlatforms) = postSolution
		{B26733ED-6063-4A49-9E7A-290225E96911}.Debug|Any CPU.ActiveCfg = Debug|Any CPU
		{B26733ED-6063-4A49-9E7A-290225E96911}.Debug|Any CPU.Build.0 = Debug|Any CPU
		{B26733ED-6063-4A49-9E7A-290225E96911}.Release|Any CPU.ActiveCfg = Release|Any CPU
		{B26733ED-6063-4A49-9E7A-290225E96911}.Release|Any CPU.Build.0 = Release|Any CPU
	EndGlobalSection
	GlobalSection(SolutionProperties) = preSolution
		HideSolutionNode = FALSE
	EndGlobalSection
	GlobalSection(ExtensibilityGlobals) = postSolution
		SolutionGuid = {4CB6DB49-21FB-43CF-A41C-CF32C84FCF8A}
	EndGlobalSection
EndGlobal
