
Microsoft Visual Studio Solution File, Format Version 12.00
# Visual Studio Version 17
VisualStudioVersion = 17.10.35013.160
MinimumVisualStudioVersion = 10.0.40219.1
Project("{FAE04EC0-301F-11D3-BF4B-00C04F79EFBC}") = "Homework 1", "Homework 1\Homework 1.csproj", "{B26733ED-6063-4A49-9E7A-290225E96911}"
EndProject
Project("{FAE04EC0-301F-11D3-BF4B-00C04F79EFBC}") = "Homework 2.1", "..\Homework 2.1\Homework 2.1.csproj", "{86F8DD9D-0035-4333-BCD0-C3A74F9C469E}"
EndProject
Project("{FAE04EC0-301F-11D3-BF4B-00C04F79EFBC}") = "Homework 2.2", "..\Homework 2.2\Homework 2.2.csproj", "{D412244F-6280-45A0-84DA-007FD0F678F2}"
EndProject
Project("{FAE04EC0-301F-11D3-BF4B-00C04F79EFBC}") = "Homework 3", "..\Homework 3\Homework 3.csproj", "{ABBA4A51-753E-475B-8F47-CF93A6989336}"
EndProject
Project("{FAE04EC0-301F-11D3-BF4B-00C04F79EFBC}") = "Homework 4", "..\Homework 4\Homework 4.csproj", "{A7C75C80-1F7B-451D-9EBF-8D7261E0F9D6}"
EndProject
Project("{FAE04EC0-301F-11D3-BF4B-00C04F79EFBC}") = "Calculator", "..\Calculator\Calculator.csproj", "{D0BF6177-1E2C-45EB-BC66-DE064E5E13ED}"
EndProject
Project("{FAE04EC0-301F-11D3-BF4B-00C04F79EFBC}") = "Homework 5", "..\Homework 5\Homework 5.csproj", "{5D104987-F1C5-4AF4-8B39-69FDD0E73004}"
EndProject
Project("{FAE04EC0-301F-11D3-BF4B-00C04F79EFBC}") = "Homework 6", "..\Homework 6\Homework 6.csproj", "{59A76135-EAE0-4260-8BBE-7939A3891420}"
EndProject
Project("{FAE04EC0-301F-11D3-BF4B-00C04F79EFBC}") = "Encapsulation", "..\Encapsulation\Encapsulation.csproj", "{29659B48-E690-4479-B15E-939A48AFFE70}"
EndProject
Project("{FAE04EC0-301F-11D3-BF4B-00C04F79EFBC}") = "Academy", "..\Academy\Academy.csproj", "{0ECC4E1A-0ADF-4ED1-8F38-348B35BF7BB3}"
EndProject
Project("{FAE04EC0-301F-11D3-BF4B-00C04F79EFBC}") = "Homework 7", "..\Homework 7\Homework 7.csproj", "{F3F48260-C471-4423-99FF-760AA083E0E2}"
EndProject
Project("{FAE04EC0-301F-11D3-BF4B-00C04F79EFBC}") = "AbstractGeometry", "..\AbstractGeometry\AbstractGeometry.csproj", "{E6522CCB-23A8-4965-BB08-B5F0F301DBF3}"
EndProject
Project("{FAE04EC0-301F-11D3-BF4B-00C04F79EFBC}") = "BinaryTree", "..\BinaryTree\BinaryTree.csproj", "{1FAA8338-25E1-4C62-9D91-DC57514EB0FF}"
EndProject
Project("{FAE04EC0-301F-11D3-BF4B-00C04F79EFBC}") = "Triangle Interfaces", "..\Triangle Interfaces\Triangle Interfaces.csproj", "{4B7BD973-93BC-4B1D-BA21-9E358ED2858F}"
EndProject
Project("{8BC9CEB8-8B4A-11D0-8D11-00A0C91BC942}") = "Stack & Queue", "..\Stack & Queue\Stack & Queue.vcxproj", "{4E8B0ADF-F88B-4508-984E-F914DD010129}"
EndProject
Global
	GlobalSection(SolutionConfigurationPlatforms) = preSolution
		Debug|Any CPU = Debug|Any CPU
		Debug|x64 = Debug|x64
		Debug|x86 = Debug|x86
		Release|Any CPU = Release|Any CPU
		Release|x64 = Release|x64
		Release|x86 = Release|x86
	EndGlobalSection
	GlobalSection(ProjectConfigurationPlatforms) = postSolution
		{B26733ED-6063-4A49-9E7A-290225E96911}.Debug|Any CPU.ActiveCfg = Debug|Any CPU
		{B26733ED-6063-4A49-9E7A-290225E96911}.Debug|Any CPU.Build.0 = Debug|Any CPU
		{B26733ED-6063-4A49-9E7A-290225E96911}.Debug|x64.ActiveCfg = Debug|Any CPU
		{B26733ED-6063-4A49-9E7A-290225E96911}.Debug|x64.Build.0 = Debug|Any CPU
		{B26733ED-6063-4A49-9E7A-290225E96911}.Debug|x86.ActiveCfg = Debug|Any CPU
		{B26733ED-6063-4A49-9E7A-290225E96911}.Debug|x86.Build.0 = Debug|Any CPU
		{B26733ED-6063-4A49-9E7A-290225E96911}.Release|Any CPU.ActiveCfg = Release|Any CPU
		{B26733ED-6063-4A49-9E7A-290225E96911}.Release|Any CPU.Build.0 = Release|Any CPU
		{B26733ED-6063-4A49-9E7A-290225E96911}.Release|x64.ActiveCfg = Release|Any CPU
		{B26733ED-6063-4A49-9E7A-290225E96911}.Release|x64.Build.0 = Release|Any CPU
		{B26733ED-6063-4A49-9E7A-290225E96911}.Release|x86.ActiveCfg = Release|Any CPU
		{B26733ED-6063-4A49-9E7A-290225E96911}.Release|x86.Build.0 = Release|Any CPU
		{86F8DD9D-0035-4333-BCD0-C3A74F9C469E}.Debug|Any CPU.ActiveCfg = Debug|Any CPU
		{86F8DD9D-0035-4333-BCD0-C3A74F9C469E}.Debug|Any CPU.Build.0 = Debug|Any CPU
		{86F8DD9D-0035-4333-BCD0-C3A74F9C469E}.Debug|x64.ActiveCfg = Debug|Any CPU
		{86F8DD9D-0035-4333-BCD0-C3A74F9C469E}.Debug|x64.Build.0 = Debug|Any CPU
		{86F8DD9D-0035-4333-BCD0-C3A74F9C469E}.Debug|x86.ActiveCfg = Debug|Any CPU
		{86F8DD9D-0035-4333-BCD0-C3A74F9C469E}.Debug|x86.Build.0 = Debug|Any CPU
		{86F8DD9D-0035-4333-BCD0-C3A74F9C469E}.Release|Any CPU.ActiveCfg = Release|Any CPU
		{86F8DD9D-0035-4333-BCD0-C3A74F9C469E}.Release|Any CPU.Build.0 = Release|Any CPU
		{86F8DD9D-0035-4333-BCD0-C3A74F9C469E}.Release|x64.ActiveCfg = Release|Any CPU
		{86F8DD9D-0035-4333-BCD0-C3A74F9C469E}.Release|x64.Build.0 = Release|Any CPU
		{86F8DD9D-0035-4333-BCD0-C3A74F9C469E}.Release|x86.ActiveCfg = Release|Any CPU
		{86F8DD9D-0035-4333-BCD0-C3A74F9C469E}.Release|x86.Build.0 = Release|Any CPU
		{D412244F-6280-45A0-84DA-007FD0F678F2}.Debug|Any CPU.ActiveCfg = Debug|Any CPU
		{D412244F-6280-45A0-84DA-007FD0F678F2}.Debug|Any CPU.Build.0 = Debug|Any CPU
		{D412244F-6280-45A0-84DA-007FD0F678F2}.Debug|x64.ActiveCfg = Debug|Any CPU
		{D412244F-6280-45A0-84DA-007FD0F678F2}.Debug|x64.Build.0 = Debug|Any CPU
		{D412244F-6280-45A0-84DA-007FD0F678F2}.Debug|x86.ActiveCfg = Debug|Any CPU
		{D412244F-6280-45A0-84DA-007FD0F678F2}.Debug|x86.Build.0 = Debug|Any CPU
		{D412244F-6280-45A0-84DA-007FD0F678F2}.Release|Any CPU.ActiveCfg = Release|Any CPU
		{D412244F-6280-45A0-84DA-007FD0F678F2}.Release|Any CPU.Build.0 = Release|Any CPU
		{D412244F-6280-45A0-84DA-007FD0F678F2}.Release|x64.ActiveCfg = Release|Any CPU
		{D412244F-6280-45A0-84DA-007FD0F678F2}.Release|x64.Build.0 = Release|Any CPU
		{D412244F-6280-45A0-84DA-007FD0F678F2}.Release|x86.ActiveCfg = Release|Any CPU
		{D412244F-6280-45A0-84DA-007FD0F678F2}.Release|x86.Build.0 = Release|Any CPU
		{ABBA4A51-753E-475B-8F47-CF93A6989336}.Debug|Any CPU.ActiveCfg = Debug|Any CPU
		{ABBA4A51-753E-475B-8F47-CF93A6989336}.Debug|Any CPU.Build.0 = Debug|Any CPU
		{ABBA4A51-753E-475B-8F47-CF93A6989336}.Debug|x64.ActiveCfg = Debug|Any CPU
		{ABBA4A51-753E-475B-8F47-CF93A6989336}.Debug|x64.Build.0 = Debug|Any CPU
		{ABBA4A51-753E-475B-8F47-CF93A6989336}.Debug|x86.ActiveCfg = Debug|Any CPU
		{ABBA4A51-753E-475B-8F47-CF93A6989336}.Debug|x86.Build.0 = Debug|Any CPU
		{ABBA4A51-753E-475B-8F47-CF93A6989336}.Release|Any CPU.ActiveCfg = Release|Any CPU
		{ABBA4A51-753E-475B-8F47-CF93A6989336}.Release|Any CPU.Build.0 = Release|Any CPU
		{ABBA4A51-753E-475B-8F47-CF93A6989336}.Release|x64.ActiveCfg = Release|Any CPU
		{ABBA4A51-753E-475B-8F47-CF93A6989336}.Release|x64.Build.0 = Release|Any CPU
		{ABBA4A51-753E-475B-8F47-CF93A6989336}.Release|x86.ActiveCfg = Release|Any CPU
		{ABBA4A51-753E-475B-8F47-CF93A6989336}.Release|x86.Build.0 = Release|Any CPU
		{A7C75C80-1F7B-451D-9EBF-8D7261E0F9D6}.Debug|Any CPU.ActiveCfg = Debug|Any CPU
		{A7C75C80-1F7B-451D-9EBF-8D7261E0F9D6}.Debug|Any CPU.Build.0 = Debug|Any CPU
		{A7C75C80-1F7B-451D-9EBF-8D7261E0F9D6}.Debug|x64.ActiveCfg = Debug|Any CPU
		{A7C75C80-1F7B-451D-9EBF-8D7261E0F9D6}.Debug|x64.Build.0 = Debug|Any CPU
		{A7C75C80-1F7B-451D-9EBF-8D7261E0F9D6}.Debug|x86.ActiveCfg = Debug|Any CPU
		{A7C75C80-1F7B-451D-9EBF-8D7261E0F9D6}.Debug|x86.Build.0 = Debug|Any CPU
		{A7C75C80-1F7B-451D-9EBF-8D7261E0F9D6}.Release|Any CPU.ActiveCfg = Release|Any CPU
		{A7C75C80-1F7B-451D-9EBF-8D7261E0F9D6}.Release|Any CPU.Build.0 = Release|Any CPU
		{A7C75C80-1F7B-451D-9EBF-8D7261E0F9D6}.Release|x64.ActiveCfg = Release|Any CPU
		{A7C75C80-1F7B-451D-9EBF-8D7261E0F9D6}.Release|x64.Build.0 = Release|Any CPU
		{A7C75C80-1F7B-451D-9EBF-8D7261E0F9D6}.Release|x86.ActiveCfg = Release|Any CPU
		{A7C75C80-1F7B-451D-9EBF-8D7261E0F9D6}.Release|x86.Build.0 = Release|Any CPU
		{D0BF6177-1E2C-45EB-BC66-DE064E5E13ED}.Debug|Any CPU.ActiveCfg = Debug|Any CPU
		{D0BF6177-1E2C-45EB-BC66-DE064E5E13ED}.Debug|Any CPU.Build.0 = Debug|Any CPU
		{D0BF6177-1E2C-45EB-BC66-DE064E5E13ED}.Debug|x64.ActiveCfg = Debug|Any CPU
		{D0BF6177-1E2C-45EB-BC66-DE064E5E13ED}.Debug|x64.Build.0 = Debug|Any CPU
		{D0BF6177-1E2C-45EB-BC66-DE064E5E13ED}.Debug|x86.ActiveCfg = Debug|Any CPU
		{D0BF6177-1E2C-45EB-BC66-DE064E5E13ED}.Debug|x86.Build.0 = Debug|Any CPU
		{D0BF6177-1E2C-45EB-BC66-DE064E5E13ED}.Release|Any CPU.ActiveCfg = Release|Any CPU
		{D0BF6177-1E2C-45EB-BC66-DE064E5E13ED}.Release|Any CPU.Build.0 = Release|Any CPU
		{D0BF6177-1E2C-45EB-BC66-DE064E5E13ED}.Release|x64.ActiveCfg = Release|Any CPU
		{D0BF6177-1E2C-45EB-BC66-DE064E5E13ED}.Release|x64.Build.0 = Release|Any CPU
		{D0BF6177-1E2C-45EB-BC66-DE064E5E13ED}.Release|x86.ActiveCfg = Release|Any CPU
		{D0BF6177-1E2C-45EB-BC66-DE064E5E13ED}.Release|x86.Build.0 = Release|Any CPU
		{5D104987-F1C5-4AF4-8B39-69FDD0E73004}.Debug|Any CPU.ActiveCfg = Debug|Any CPU
		{5D104987-F1C5-4AF4-8B39-69FDD0E73004}.Debug|Any CPU.Build.0 = Debug|Any CPU
		{5D104987-F1C5-4AF4-8B39-69FDD0E73004}.Debug|x64.ActiveCfg = Debug|Any CPU
		{5D104987-F1C5-4AF4-8B39-69FDD0E73004}.Debug|x64.Build.0 = Debug|Any CPU
		{5D104987-F1C5-4AF4-8B39-69FDD0E73004}.Debug|x86.ActiveCfg = Debug|Any CPU
		{5D104987-F1C5-4AF4-8B39-69FDD0E73004}.Debug|x86.Build.0 = Debug|Any CPU
		{5D104987-F1C5-4AF4-8B39-69FDD0E73004}.Release|Any CPU.ActiveCfg = Release|Any CPU
		{5D104987-F1C5-4AF4-8B39-69FDD0E73004}.Release|Any CPU.Build.0 = Release|Any CPU
		{5D104987-F1C5-4AF4-8B39-69FDD0E73004}.Release|x64.ActiveCfg = Release|Any CPU
		{5D104987-F1C5-4AF4-8B39-69FDD0E73004}.Release|x64.Build.0 = Release|Any CPU
		{5D104987-F1C5-4AF4-8B39-69FDD0E73004}.Release|x86.ActiveCfg = Release|Any CPU
		{5D104987-F1C5-4AF4-8B39-69FDD0E73004}.Release|x86.Build.0 = Release|Any CPU
		{59A76135-EAE0-4260-8BBE-7939A3891420}.Debug|Any CPU.ActiveCfg = Debug|Any CPU
		{59A76135-EAE0-4260-8BBE-7939A3891420}.Debug|Any CPU.Build.0 = Debug|Any CPU
		{59A76135-EAE0-4260-8BBE-7939A3891420}.Debug|x64.ActiveCfg = Debug|Any CPU
		{59A76135-EAE0-4260-8BBE-7939A3891420}.Debug|x64.Build.0 = Debug|Any CPU
		{59A76135-EAE0-4260-8BBE-7939A3891420}.Debug|x86.ActiveCfg = Debug|Any CPU
		{59A76135-EAE0-4260-8BBE-7939A3891420}.Debug|x86.Build.0 = Debug|Any CPU
		{59A76135-EAE0-4260-8BBE-7939A3891420}.Release|Any CPU.ActiveCfg = Release|Any CPU
		{59A76135-EAE0-4260-8BBE-7939A3891420}.Release|Any CPU.Build.0 = Release|Any CPU
		{59A76135-EAE0-4260-8BBE-7939A3891420}.Release|x64.ActiveCfg = Release|Any CPU
		{59A76135-EAE0-4260-8BBE-7939A3891420}.Release|x64.Build.0 = Release|Any CPU
		{59A76135-EAE0-4260-8BBE-7939A3891420}.Release|x86.ActiveCfg = Release|Any CPU
		{59A76135-EAE0-4260-8BBE-7939A3891420}.Release|x86.Build.0 = Release|Any CPU
		{29659B48-E690-4479-B15E-939A48AFFE70}.Debug|Any CPU.ActiveCfg = Debug|Any CPU
		{29659B48-E690-4479-B15E-939A48AFFE70}.Debug|Any CPU.Build.0 = Debug|Any CPU
		{29659B48-E690-4479-B15E-939A48AFFE70}.Debug|x64.ActiveCfg = Debug|Any CPU
		{29659B48-E690-4479-B15E-939A48AFFE70}.Debug|x64.Build.0 = Debug|Any CPU
		{29659B48-E690-4479-B15E-939A48AFFE70}.Debug|x86.ActiveCfg = Debug|Any CPU
		{29659B48-E690-4479-B15E-939A48AFFE70}.Debug|x86.Build.0 = Debug|Any CPU
		{29659B48-E690-4479-B15E-939A48AFFE70}.Release|Any CPU.ActiveCfg = Release|Any CPU
		{29659B48-E690-4479-B15E-939A48AFFE70}.Release|Any CPU.Build.0 = Release|Any CPU
		{29659B48-E690-4479-B15E-939A48AFFE70}.Release|x64.ActiveCfg = Release|Any CPU
		{29659B48-E690-4479-B15E-939A48AFFE70}.Release|x64.Build.0 = Release|Any CPU
		{29659B48-E690-4479-B15E-939A48AFFE70}.Release|x86.ActiveCfg = Release|Any CPU
		{29659B48-E690-4479-B15E-939A48AFFE70}.Release|x86.Build.0 = Release|Any CPU
		{0ECC4E1A-0ADF-4ED1-8F38-348B35BF7BB3}.Debug|Any CPU.ActiveCfg = Debug|Any CPU
		{0ECC4E1A-0ADF-4ED1-8F38-348B35BF7BB3}.Debug|Any CPU.Build.0 = Debug|Any CPU
		{0ECC4E1A-0ADF-4ED1-8F38-348B35BF7BB3}.Debug|x64.ActiveCfg = Debug|Any CPU
		{0ECC4E1A-0ADF-4ED1-8F38-348B35BF7BB3}.Debug|x64.Build.0 = Debug|Any CPU
		{0ECC4E1A-0ADF-4ED1-8F38-348B35BF7BB3}.Debug|x86.ActiveCfg = Debug|Any CPU
		{0ECC4E1A-0ADF-4ED1-8F38-348B35BF7BB3}.Debug|x86.Build.0 = Debug|Any CPU
		{0ECC4E1A-0ADF-4ED1-8F38-348B35BF7BB3}.Release|Any CPU.ActiveCfg = Release|Any CPU
		{0ECC4E1A-0ADF-4ED1-8F38-348B35BF7BB3}.Release|Any CPU.Build.0 = Release|Any CPU
		{0ECC4E1A-0ADF-4ED1-8F38-348B35BF7BB3}.Release|x64.ActiveCfg = Release|Any CPU
		{0ECC4E1A-0ADF-4ED1-8F38-348B35BF7BB3}.Release|x64.Build.0 = Release|Any CPU
		{0ECC4E1A-0ADF-4ED1-8F38-348B35BF7BB3}.Release|x86.ActiveCfg = Release|Any CPU
		{0ECC4E1A-0ADF-4ED1-8F38-348B35BF7BB3}.Release|x86.Build.0 = Release|Any CPU
		{F3F48260-C471-4423-99FF-760AA083E0E2}.Debug|Any CPU.ActiveCfg = Debug|Any CPU
		{F3F48260-C471-4423-99FF-760AA083E0E2}.Debug|Any CPU.Build.0 = Debug|Any CPU
		{F3F48260-C471-4423-99FF-760AA083E0E2}.Debug|x64.ActiveCfg = Debug|Any CPU
		{F3F48260-C471-4423-99FF-760AA083E0E2}.Debug|x64.Build.0 = Debug|Any CPU
		{F3F48260-C471-4423-99FF-760AA083E0E2}.Debug|x86.ActiveCfg = Debug|Any CPU
		{F3F48260-C471-4423-99FF-760AA083E0E2}.Debug|x86.Build.0 = Debug|Any CPU
		{F3F48260-C471-4423-99FF-760AA083E0E2}.Release|Any CPU.ActiveCfg = Release|Any CPU
		{F3F48260-C471-4423-99FF-760AA083E0E2}.Release|Any CPU.Build.0 = Release|Any CPU
		{F3F48260-C471-4423-99FF-760AA083E0E2}.Release|x64.ActiveCfg = Release|Any CPU
		{F3F48260-C471-4423-99FF-760AA083E0E2}.Release|x64.Build.0 = Release|Any CPU
		{F3F48260-C471-4423-99FF-760AA083E0E2}.Release|x86.ActiveCfg = Release|Any CPU
		{F3F48260-C471-4423-99FF-760AA083E0E2}.Release|x86.Build.0 = Release|Any CPU
		{E6522CCB-23A8-4965-BB08-B5F0F301DBF3}.Debug|Any CPU.ActiveCfg = Debug|Any CPU
		{E6522CCB-23A8-4965-BB08-B5F0F301DBF3}.Debug|Any CPU.Build.0 = Debug|Any CPU
		{E6522CCB-23A8-4965-BB08-B5F0F301DBF3}.Debug|x64.ActiveCfg = Debug|Any CPU
		{E6522CCB-23A8-4965-BB08-B5F0F301DBF3}.Debug|x64.Build.0 = Debug|Any CPU
		{E6522CCB-23A8-4965-BB08-B5F0F301DBF3}.Debug|x86.ActiveCfg = Debug|Any CPU
		{E6522CCB-23A8-4965-BB08-B5F0F301DBF3}.Debug|x86.Build.0 = Debug|Any CPU
		{E6522CCB-23A8-4965-BB08-B5F0F301DBF3}.Release|Any CPU.ActiveCfg = Release|Any CPU
		{E6522CCB-23A8-4965-BB08-B5F0F301DBF3}.Release|Any CPU.Build.0 = Release|Any CPU
		{E6522CCB-23A8-4965-BB08-B5F0F301DBF3}.Release|x64.ActiveCfg = Release|Any CPU
		{E6522CCB-23A8-4965-BB08-B5F0F301DBF3}.Release|x64.Build.0 = Release|Any CPU
		{E6522CCB-23A8-4965-BB08-B5F0F301DBF3}.Release|x86.ActiveCfg = Release|Any CPU
		{E6522CCB-23A8-4965-BB08-B5F0F301DBF3}.Release|x86.Build.0 = Release|Any CPU
		{1FAA8338-25E1-4C62-9D91-DC57514EB0FF}.Debug|Any CPU.ActiveCfg = Debug|Any CPU
		{1FAA8338-25E1-4C62-9D91-DC57514EB0FF}.Debug|Any CPU.Build.0 = Debug|Any CPU
		{1FAA8338-25E1-4C62-9D91-DC57514EB0FF}.Debug|x64.ActiveCfg = Debug|Any CPU
		{1FAA8338-25E1-4C62-9D91-DC57514EB0FF}.Debug|x64.Build.0 = Debug|Any CPU
		{1FAA8338-25E1-4C62-9D91-DC57514EB0FF}.Debug|x86.ActiveCfg = Debug|Any CPU
		{1FAA8338-25E1-4C62-9D91-DC57514EB0FF}.Debug|x86.Build.0 = Debug|Any CPU
		{1FAA8338-25E1-4C62-9D91-DC57514EB0FF}.Release|Any CPU.ActiveCfg = Release|Any CPU
		{1FAA8338-25E1-4C62-9D91-DC57514EB0FF}.Release|Any CPU.Build.0 = Release|Any CPU
		{1FAA8338-25E1-4C62-9D91-DC57514EB0FF}.Release|x64.ActiveCfg = Release|Any CPU
		{1FAA8338-25E1-4C62-9D91-DC57514EB0FF}.Release|x64.Build.0 = Release|Any CPU
		{1FAA8338-25E1-4C62-9D91-DC57514EB0FF}.Release|x86.ActiveCfg = Release|Any CPU
		{1FAA8338-25E1-4C62-9D91-DC57514EB0FF}.Release|x86.Build.0 = Release|Any CPU
		{4B7BD973-93BC-4B1D-BA21-9E358ED2858F}.Debug|Any CPU.ActiveCfg = Debug|Any CPU
		{4B7BD973-93BC-4B1D-BA21-9E358ED2858F}.Debug|Any CPU.Build.0 = Debug|Any CPU
		{4B7BD973-93BC-4B1D-BA21-9E358ED2858F}.Debug|x64.ActiveCfg = Debug|Any CPU
		{4B7BD973-93BC-4B1D-BA21-9E358ED2858F}.Debug|x64.Build.0 = Debug|Any CPU
		{4B7BD973-93BC-4B1D-BA21-9E358ED2858F}.Debug|x86.ActiveCfg = Debug|Any CPU
		{4B7BD973-93BC-4B1D-BA21-9E358ED2858F}.Debug|x86.Build.0 = Debug|Any CPU
		{4B7BD973-93BC-4B1D-BA21-9E358ED2858F}.Release|Any CPU.ActiveCfg = Release|Any CPU
		{4B7BD973-93BC-4B1D-BA21-9E358ED2858F}.Release|Any CPU.Build.0 = Release|Any CPU
		{4B7BD973-93BC-4B1D-BA21-9E358ED2858F}.Release|x64.ActiveCfg = Release|Any CPU
		{4B7BD973-93BC-4B1D-BA21-9E358ED2858F}.Release|x64.Build.0 = Release|Any CPU
		{4B7BD973-93BC-4B1D-BA21-9E358ED2858F}.Release|x86.ActiveCfg = Release|Any CPU
		{4B7BD973-93BC-4B1D-BA21-9E358ED2858F}.Release|x86.Build.0 = Release|Any CPU
		{4E8B0ADF-F88B-4508-984E-F914DD010129}.Debug|Any CPU.ActiveCfg = Debug|x64
		{4E8B0ADF-F88B-4508-984E-F914DD010129}.Debug|Any CPU.Build.0 = Debug|x64
		{4E8B0ADF-F88B-4508-984E-F914DD010129}.Debug|x64.ActiveCfg = Debug|x64
		{4E8B0ADF-F88B-4508-984E-F914DD010129}.Debug|x64.Build.0 = Debug|x64
		{4E8B0ADF-F88B-4508-984E-F914DD010129}.Debug|x86.ActiveCfg = Debug|Win32
		{4E8B0ADF-F88B-4508-984E-F914DD010129}.Debug|x86.Build.0 = Debug|Win32
		{4E8B0ADF-F88B-4508-984E-F914DD010129}.Release|Any CPU.ActiveCfg = Release|x64
		{4E8B0ADF-F88B-4508-984E-F914DD010129}.Release|Any CPU.Build.0 = Release|x64
		{4E8B0ADF-F88B-4508-984E-F914DD010129}.Release|x64.ActiveCfg = Release|x64
		{4E8B0ADF-F88B-4508-984E-F914DD010129}.Release|x64.Build.0 = Release|x64
		{4E8B0ADF-F88B-4508-984E-F914DD010129}.Release|x86.ActiveCfg = Release|Win32
		{4E8B0ADF-F88B-4508-984E-F914DD010129}.Release|x86.Build.0 = Release|Win32
	EndGlobalSection
	GlobalSection(SolutionProperties) = preSolution
		HideSolutionNode = FALSE
	EndGlobalSection
	GlobalSection(ExtensibilityGlobals) = postSolution
		SolutionGuid = {4CB6DB49-21FB-43CF-A41C-CF32C84FCF8A}
	EndGlobalSection
EndGlobal
