
Microsoft Visual Studio Solution File, Format Version 12.00
# Visual Studio Version 17
VisualStudioVersion = 17.10.35013.160
MinimumVisualStudioVersion = 10.0.40219.1
Project("{FAE04EC0-301F-11D3-BF4B-00C04F79EFBC}") = "Homework 1", "Homework 1\Homework 1.csproj", "{B26733ED-6063-4A49-9E7A-290225E96911}"
EndProject
Project("{FAE04EC0-301F-11D3-BF4B-00C04F79EFBC}") = "Homework 2.1", "..\Homework 2.1\Homework 2.1.csproj", "{86F8DD9D-0035-4333-BCD0-C3A74F9C469E}"
EndProject
Project("{FAE04EC0-301F-11D3-BF4B-00C04F79EFBC}") = "Homework 2.2", "..\Homework 2.2\Homework 2.2.csproj", "{D412244F-6280-45A0-84DA-007FD0F678F2}"
EndProject
Project("{FAE04EC0-301F-11D3-BF4B-00C04F79EFBC}") = "Homework 3", "..\Homework 3\Homework 3.csproj", "{ABBA4A51-753E-475B-8F47-CF93A6989336}"
EndProject
Project("{FAE04EC0-301F-11D3-BF4B-00C04F79EFBC}") = "Homework 4", "..\Homework 4\Homework 4.csproj", "{A7C75C80-1F7B-451D-9EBF-8D7261E0F9D6}"
EndProject
Project("{FAE04EC0-301F-11D3-BF4B-00C04F79EFBC}") = "Calculator", "..\Calculator\Calculator.csproj", "{D0BF6177-1E2C-45EB-BC66-DE064E5E13ED}"
EndProject
Project("{FAE04EC0-301F-11D3-BF4B-00C04F79EFBC}") = "Arrays", "..\Arrays\Arrays.csproj", "{EFFA060F-043A-4A0E-9C14-5CFF450B760E}"
EndProject
Project("{FAE04EC0-301F-11D3-BF4B-00C04F79EFBC}") = "Homework 5", "..\Homework 5\Homework 5.csproj", "{5D104987-F1C5-4AF4-8B39-69FDD0E73004}"
EndProject
Global
	GlobalSection(SolutionConfigurationPlatforms) = preSolution
		Debug|Any CPU = Debug|Any CPU
		Release|Any CPU = Release|Any CPU
	EndGlobalSection
	GlobalSection(ProjectConfigurationPlatforms) = postSolution
		{B26733ED-6063-4A49-9E7A-290225E96911}.Debug|Any CPU.ActiveCfg = Debug|Any CPU
		{B26733ED-6063-4A49-9E7A-290225E96911}.Debug|Any CPU.Build.0 = Debug|Any CPU
		{B26733ED-6063-4A49-9E7A-290225E96911}.Release|Any CPU.ActiveCfg = Release|Any CPU
		{B26733ED-6063-4A49-9E7A-290225E96911}.Release|Any CPU.Build.0 = Release|Any CPU
		{86F8DD9D-0035-4333-BCD0-C3A74F9C469E}.Debug|Any CPU.ActiveCfg = Debug|Any CPU
		{86F8DD9D-0035-4333-BCD0-C3A74F9C469E}.Debug|Any CPU.Build.0 = Debug|Any CPU
		{86F8DD9D-0035-4333-BCD0-C3A74F9C469E}.Release|Any CPU.ActiveCfg = Release|Any CPU
		{86F8DD9D-0035-4333-BCD0-C3A74F9C469E}.Release|Any CPU.Build.0 = Release|Any CPU
		{D412244F-6280-45A0-84DA-007FD0F678F2}.Debug|Any CPU.ActiveCfg = Debug|Any CPU
		{D412244F-6280-45A0-84DA-007FD0F678F2}.Debug|Any CPU.Build.0 = Debug|Any CPU
		{D412244F-6280-45A0-84DA-007FD0F678F2}.Release|Any CPU.ActiveCfg = Release|Any CPU
		{D412244F-6280-45A0-84DA-007FD0F678F2}.Release|Any CPU.Build.0 = Release|Any CPU
		{ABBA4A51-753E-475B-8F47-CF93A6989336}.Debug|Any CPU.ActiveCfg = Debug|Any CPU
		{ABBA4A51-753E-475B-8F47-CF93A6989336}.Debug|Any CPU.Build.0 = Debug|Any CPU
		{ABBA4A51-753E-475B-8F47-CF93A6989336}.Release|Any CPU.ActiveCfg = Release|Any CPU
		{ABBA4A51-753E-475B-8F47-CF93A6989336}.Release|Any CPU.Build.0 = Release|Any CPU
		{A7C75C80-1F7B-451D-9EBF-8D7261E0F9D6}.Debug|Any CPU.ActiveCfg = Debug|Any CPU
		{A7C75C80-1F7B-451D-9EBF-8D7261E0F9D6}.Debug|Any CPU.Build.0 = Debug|Any CPU
		{A7C75C80-1F7B-451D-9EBF-8D7261E0F9D6}.Release|Any CPU.ActiveCfg = Release|Any CPU
		{A7C75C80-1F7B-451D-9EBF-8D7261E0F9D6}.Release|Any CPU.Build.0 = Release|Any CPU
		{D0BF6177-1E2C-45EB-BC66-DE064E5E13ED}.Debug|Any CPU.ActiveCfg = Debug|Any CPU
		{D0BF6177-1E2C-45EB-BC66-DE064E5E13ED}.Debug|Any CPU.Build.0 = Debug|Any CPU
		{D0BF6177-1E2C-45EB-BC66-DE064E5E13ED}.Release|Any CPU.ActiveCfg = Release|Any CPU
		{D0BF6177-1E2C-45EB-BC66-DE064E5E13ED}.Release|Any CPU.Build.0 = Release|Any CPU
		{EFFA060F-043A-4A0E-9C14-5CFF450B760E}.Debug|Any CPU.ActiveCfg = Debug|Any CPU
		{EFFA060F-043A-4A0E-9C14-5CFF450B760E}.Debug|Any CPU.Build.0 = Debug|Any CPU
		{EFFA060F-043A-4A0E-9C14-5CFF450B760E}.Release|Any CPU.ActiveCfg = Release|Any CPU
		{EFFA060F-043A-4A0E-9C14-5CFF450B760E}.Release|Any CPU.Build.0 = Release|Any CPU
		{5D104987-F1C5-4AF4-8B39-69FDD0E73004}.Debug|Any CPU.ActiveCfg = Debug|Any CPU
		{5D104987-F1C5-4AF4-8B39-69FDD0E73004}.Debug|Any CPU.Build.0 = Debug|Any CPU
		{5D104987-F1C5-4AF4-8B39-69FDD0E73004}.Release|Any CPU.ActiveCfg = Release|Any CPU
		{5D104987-F1C5-4AF4-8B39-69FDD0E73004}.Release|Any CPU.Build.0 = Release|Any CPU
	EndGlobalSection
	GlobalSection(SolutionProperties) = preSolution
		HideSolutionNode = FALSE
	EndGlobalSection
	GlobalSection(ExtensibilityGlobals) = postSolution
		SolutionGuid = {4CB6DB49-21FB-43CF-A41C-CF32C84FCF8A}
	EndGlobalSection
EndGlobal
